
Microsoft Visual Studio Solution File, Format Version 12.00
Project("{FAE04EC0-301F-11D3-BF4B-00C04F79EFBC}") = "LeshaStackQueue", "LeshaStackQueue\LeshaStackQueue.csproj", "{C584FF31-4D5B-43EF-BC83-D0AC4466AF43}"
EndProject
Global
	GlobalSection(SolutionConfigurationPlatforms) = preSolution
		Debug|Any CPU = Debug|Any CPU
		Release|Any CPU = Release|Any CPU
	EndGlobalSection
	GlobalSection(ProjectConfigurationPlatforms) = postSolution
		{C584FF31-4D5B-43EF-BC83-D0AC4466AF43}.Debug|Any CPU.ActiveCfg = Debug|Any CPU
		{C584FF31-4D5B-43EF-BC83-D0AC4466AF43}.Debug|Any CPU.Build.0 = Debug|Any CPU
		{C584FF31-4D5B-43EF-BC83-D0AC4466AF43}.Release|Any CPU.ActiveCfg = Release|Any CPU
		{C584FF31-4D5B-43EF-BC83-D0AC4466AF43}.Release|Any CPU.Build.0 = Release|Any CPU
	EndGlobalSection
EndGlobal
